// !$*UTF8*$!
{
	archiveVersion = 1;
	classes = {
	};
	objectVersion = 52;
	objects = {

/* Begin PBXBuildFile section */
		E7AF181FC5ACB7065A9A7F7C /* Pods_Realtime_chat_app.framework in Frameworks */ = {isa = PBXBuildFile; fileRef = 1A4886902BD7181C73ABAB18 /* Pods_Realtime_chat_app.framework */; };
		F32873EB241AB07400AFCCB9 /* ImagePicker.swift in Sources */ = {isa = PBXBuildFile; fileRef = F32873EA241AB07400AFCCB9 /* ImagePicker.swift */; };
		F32873ED241AB11500AFCCB9 /* AccountCreation.swift in Sources */ = {isa = PBXBuildFile; fileRef = F32873EC241AB11500AFCCB9 /* AccountCreation.swift */; };
		F32873EF241AB1DE00AFCCB9 /* Verify.swift in Sources */ = {isa = PBXBuildFile; fileRef = F32873EE241AB1DE00AFCCB9 /* Verify.swift */; };
		F32873F1241AB23B00AFCCB9 /* Getnumber.swift in Sources */ = {isa = PBXBuildFile; fileRef = F32873F0241AB23B00AFCCB9 /* Getnumber.swift */; };
		F32873F3241AB2D000AFCCB9 /* Home.swift in Sources */ = {isa = PBXBuildFile; fileRef = F32873F2241AB2D000AFCCB9 /* Home.swift */; };
		F32873F5241AB31900AFCCB9 /* Indicator.swift in Sources */ = {isa = PBXBuildFile; fileRef = F32873F4241AB31900AFCCB9 /* Indicator.swift */; };
		F32873F7241AB3A400AFCCB9 /* checkUser.swift in Sources */ = {isa = PBXBuildFile; fileRef = F32873F6241AB3A400AFCCB9 /* checkUser.swift */; };
		F32873F9241AB40300AFCCB9 /* createUser.swift in Sources */ = {isa = PBXBuildFile; fileRef = F32873F8241AB40300AFCCB9 /* createUser.swift */; };
		F32873FC241B321400AFCCB9 /* SDWebImageSwiftUI in Frameworks */ = {isa = PBXBuildFile; productRef = F32873FB241B321400AFCCB9 /* SDWebImageSwiftUI */; };
		F387F9F82418F570001D3FB5 /* AppDelegate.swift in Sources */ = {isa = PBXBuildFile; fileRef = F387F9F72418F570001D3FB5 /* AppDelegate.swift */; };
		F387F9FA2418F570001D3FB5 /* SceneDelegate.swift in Sources */ = {isa = PBXBuildFile; fileRef = F387F9F92418F570001D3FB5 /* SceneDelegate.swift */; };
		F387F9FC2418F570001D3FB5 /* ContentView.swift in Sources */ = {isa = PBXBuildFile; fileRef = F387F9FB2418F570001D3FB5 /* ContentView.swift */; };
		F387F9FE2418F571001D3FB5 /* Assets.xcassets in Resources */ = {isa = PBXBuildFile; fileRef = F387F9FD2418F571001D3FB5 /* Assets.xcassets */; };
		F387FA012418F571001D3FB5 /* Preview Assets.xcassets in Resources */ = {isa = PBXBuildFile; fileRef = F387FA002418F571001D3FB5 /* Preview Assets.xcassets */; };
		F387FA042418F571001D3FB5 /* LaunchScreen.storyboard in Resources */ = {isa = PBXBuildFile; fileRef = F387FA022418F571001D3FB5 /* LaunchScreen.storyboard */; };
		F387FA0C2418F653001D3FB5 /* GoogleService-Info.plist in Resources */ = {isa = PBXBuildFile; fileRef = F387FA0B2418F653001D3FB5 /* GoogleService-Info.plist */; };
/* End PBXBuildFile section */

/* Begin PBXFileReference section */
		1A4886902BD7181C73ABAB18 /* Pods_Realtime_chat_app.framework */ = {isa = PBXFileReference; explicitFileType = wrapper.framework; includeInIndex = 0; path = Pods_Realtime_chat_app.framework; sourceTree = BUILT_PRODUCTS_DIR; };
		6FF92470C770EF30A9FE75B1 /* Pods-Realtime chat app.release.xcconfig */ = {isa = PBXFileReference; includeInIndex = 1; lastKnownFileType = text.xcconfig; name = "Pods-Realtime chat app.release.xcconfig"; path = "Target Support Files/Pods-Realtime chat app/Pods-Realtime chat app.release.xcconfig"; sourceTree = "<group>"; };
		B7687A6ED8E0B0E160F9A6E5 /* Pods-Realtime chat app.debug.xcconfig */ = {isa = PBXFileReference; includeInIndex = 1; lastKnownFileType = text.xcconfig; name = "Pods-Realtime chat app.debug.xcconfig"; path = "Target Support Files/Pods-Realtime chat app/Pods-Realtime chat app.debug.xcconfig"; sourceTree = "<group>"; };
		F32873EA241AB07400AFCCB9 /* ImagePicker.swift */ = {isa = PBXFileReference; lastKnownFileType = sourcecode.swift; path = ImagePicker.swift; sourceTree = "<group>"; };
		F32873EC241AB11500AFCCB9 /* AccountCreation.swift */ = {isa = PBXFileReference; lastKnownFileType = sourcecode.swift; path = AccountCreation.swift; sourceTree = "<group>"; };
		F32873EE241AB1DE00AFCCB9 /* Verify.swift */ = {isa = PBXFileReference; lastKnownFileType = sourcecode.swift; path = Verify.swift; sourceTree = "<group>"; };
		F32873F0241AB23B00AFCCB9 /* Getnumber.swift */ = {isa = PBXFileReference; lastKnownFileType = sourcecode.swift; path = Getnumber.swift; sourceTree = "<group>"; };
		F32873F2241AB2D000AFCCB9 /* Home.swift */ = {isa = PBXFileReference; lastKnownFileType = sourcecode.swift; path = Home.swift; sourceTree = "<group>"; };
		F32873F4241AB31900AFCCB9 /* Indicator.swift */ = {isa = PBXFileReference; lastKnownFileType = sourcecode.swift; path = Indicator.swift; sourceTree = "<group>"; };
		F32873F6241AB3A400AFCCB9 /* checkUser.swift */ = {isa = PBXFileReference; lastKnownFileType = sourcecode.swift; path = checkUser.swift; sourceTree = "<group>"; };
		F32873F8241AB40300AFCCB9 /* createUser.swift */ = {isa = PBXFileReference; lastKnownFileType = sourcecode.swift; path = createUser.swift; sourceTree = "<group>"; };
		F387F9F42418F570001D3FB5 /* Realtime chat app.app */ = {isa = PBXFileReference; explicitFileType = wrapper.application; includeInIndex = 0; path = "Realtime chat app.app"; sourceTree = BUILT_PRODUCTS_DIR; };
		F387F9F72418F570001D3FB5 /* AppDelegate.swift */ = {isa = PBXFileReference; lastKnownFileType = sourcecode.swift; path = AppDelegate.swift; sourceTree = "<group>"; };
		F387F9F92418F570001D3FB5 /* SceneDelegate.swift */ = {isa = PBXFileReference; lastKnownFileType = sourcecode.swift; path = SceneDelegate.swift; sourceTree = "<group>"; };
		F387F9FB2418F570001D3FB5 /* ContentView.swift */ = {isa = PBXFileReference; lastKnownFileType = sourcecode.swift; path = ContentView.swift; sourceTree = "<group>"; };
		F387F9FD2418F571001D3FB5 /* Assets.xcassets */ = {isa = PBXFileReference; lastKnownFileType = folder.assetcatalog; path = Assets.xcassets; sourceTree = "<group>"; };
		F387FA002418F571001D3FB5 /* Preview Assets.xcassets */ = {isa = PBXFileReference; lastKnownFileType = folder.assetcatalog; path = "Preview Assets.xcassets"; sourceTree = "<group>"; };
		F387FA032418F571001D3FB5 /* Base */ = {isa = PBXFileReference; lastKnownFileType = file.storyboard; name = Base; path = Base.lproj/LaunchScreen.storyboard; sourceTree = "<group>"; };
		F387FA052418F571001D3FB5 /* Info.plist */ = {isa = PBXFileReference; lastKnownFileType = text.plist.xml; path = Info.plist; sourceTree = "<group>"; };
		F387FA0B2418F653001D3FB5 /* GoogleService-Info.plist */ = {isa = PBXFileReference; fileEncoding = 4; lastKnownFileType = text.plist.xml; path = "GoogleService-Info.plist"; sourceTree = "<group>"; };
/* End PBXFileReference section */

/* Begin PBXFrameworksBuildPhase section */
		F387F9F12418F570001D3FB5 /* Frameworks */ = {
			isa = PBXFrameworksBuildPhase;
			buildActionMask = 2147483647;
			files = (
				F32873FC241B321400AFCCB9 /* SDWebImageSwiftUI in Frameworks */,
				E7AF181FC5ACB7065A9A7F7C /* Pods_Realtime_chat_app.framework in Frameworks */,
			);
			runOnlyForDeploymentPostprocessing = 0;
		};
/* End PBXFrameworksBuildPhase section */

/* Begin PBXGroup section */
		84E1D31BA02EC0F265F0B88E /* Pods */ = {
			isa = PBXGroup;
			children = (
				B7687A6ED8E0B0E160F9A6E5 /* Pods-Realtime chat app.debug.xcconfig */,
				6FF92470C770EF30A9FE75B1 /* Pods-Realtime chat app.release.xcconfig */,
			);
			path = Pods;
			sourceTree = "<group>";
		};
		DE94D719A5EFBF9C0FCCC186 /* Frameworks */ = {
			isa = PBXGroup;
			children = (
				1A4886902BD7181C73ABAB18 /* Pods_Realtime_chat_app.framework */,
			);
			name = Frameworks;
			sourceTree = "<group>";
		};
		F32873E8241AB02F00AFCCB9 /* Model */ = {
			isa = PBXGroup;
			children = (
				F32873F6241AB3A400AFCCB9 /* checkUser.swift */,
				F32873F8241AB40300AFCCB9 /* createUser.swift */,
			);
			path = Model;
			sourceTree = "<group>";
		};
		F32873E9241AB05100AFCCB9 /* Views */ = {
			isa = PBXGroup;
			children = (
				F32873EA241AB07400AFCCB9 /* ImagePicker.swift */,
				F32873EC241AB11500AFCCB9 /* AccountCreation.swift */,
				F32873EE241AB1DE00AFCCB9 /* Verify.swift */,
				F32873F0241AB23B00AFCCB9 /* Getnumber.swift */,
				F32873F2241AB2D000AFCCB9 /* Home.swift */,
				F32873F4241AB31900AFCCB9 /* Indicator.swift */,
			);
			path = Views;
			sourceTree = "<group>";
		};
		F387F9EB2418F570001D3FB5 = {
			isa = PBXGroup;
			children = (
				F387F9F62418F570001D3FB5 /* Realtime chat app */,
				F387F9F52418F570001D3FB5 /* Products */,
				84E1D31BA02EC0F265F0B88E /* Pods */,
				DE94D719A5EFBF9C0FCCC186 /* Frameworks */,
			);
			sourceTree = "<group>";
		};
		F387F9F52418F570001D3FB5 /* Products */ = {
			isa = PBXGroup;
			children = (
				F387F9F42418F570001D3FB5 /* Realtime chat app.app */,
			);
			name = Products;
			sourceTree = "<group>";
		};
		F387F9F62418F570001D3FB5 /* Realtime chat app */ = {
			isa = PBXGroup;
			children = (
				F32873E9241AB05100AFCCB9 /* Views */,
				F32873E8241AB02F00AFCCB9 /* Model */,
				F387F9F72418F570001D3FB5 /* AppDelegate.swift */,
				F387F9F92418F570001D3FB5 /* SceneDelegate.swift */,
				F387F9FB2418F570001D3FB5 /* ContentView.swift */,
				F387F9FD2418F571001D3FB5 /* Assets.xcassets */,
				F387FA022418F571001D3FB5 /* LaunchScreen.storyboard */,
				F387FA052418F571001D3FB5 /* Info.plist */,
				F387FA0B2418F653001D3FB5 /* GoogleService-Info.plist */,
				F387F9FF2418F571001D3FB5 /* Preview Content */,
			);
			path = "Realtime chat app";
			sourceTree = "<group>";
		};
		F387F9FF2418F571001D3FB5 /* Preview Content */ = {
			isa = PBXGroup;
			children = (
				F387FA002418F571001D3FB5 /* Preview Assets.xcassets */,
			);
			path = "Preview Content";
			sourceTree = "<group>";
		};
/* End PBXGroup section */

/* Begin PBXNativeTarget section */
		F387F9F32418F570001D3FB5 /* Realtime chat app */ = {
			isa = PBXNativeTarget;
			buildConfigurationList = F387FA082418F571001D3FB5 /* Build configuration list for PBXNativeTarget "Realtime chat app" */;
			buildPhases = (
				03B279B6AE995CC207DBD58A /* [CP] Check Pods Manifest.lock */,
				F387F9F02418F570001D3FB5 /* Sources */,
				F387F9F12418F570001D3FB5 /* Frameworks */,
				F387F9F22418F570001D3FB5 /* Resources */,
				5F4956ECEA4A5BCC7AF50993 /* [CP] Embed Pods Frameworks */,
			);
			buildRules = (
			);
			dependencies = (
			);
			name = "Realtime chat app";
			packageProductDependencies = (
				F32873FB241B321400AFCCB9 /* SDWebImageSwiftUI */,
			);
			productName = "Realtime chat app";
			productReference = F387F9F42418F570001D3FB5 /* Realtime chat app.app */;
			productType = "com.apple.product-type.application";
		};
/* End PBXNativeTarget section */

/* Begin PBXProject section */
		F387F9EC2418F570001D3FB5 /* Project object */ = {
			isa = PBXProject;
			attributes = {
				LastSwiftUpdateCheck = 1130;
				LastUpgradeCheck = 1130;
				ORGANIZATIONNAME = "Himash Nadeeshan";
				TargetAttributes = {
					F387F9F32418F570001D3FB5 = {
						CreatedOnToolsVersion = 11.3;
					};
				};
			};
			buildConfigurationList = F387F9EF2418F570001D3FB5 /* Build configuration list for PBXProject "Realtime chat app" */;
			compatibilityVersion = "Xcode 9.3";
			developmentRegion = en;
			hasScannedForEncodings = 0;
			knownRegions = (
				en,
				Base,
			);
			mainGroup = F387F9EB2418F570001D3FB5;
			packageReferences = (
				F32873FA241B321400AFCCB9 /* XCRemoteSwiftPackageReference "SDWebImageSwiftUI" */,
			);
			productRefGroup = F387F9F52418F570001D3FB5 /* Products */;
			projectDirPath = "";
			projectRoot = "";
			targets = (
				F387F9F32418F570001D3FB5 /* Realtime chat app */,
			);
		};
/* End PBXProject section */

/* Begin PBXResourcesBuildPhase section */
		F387F9F22418F570001D3FB5 /* Resources */ = {
			isa = PBXResourcesBuildPhase;
			buildActionMask = 2147483647;
			files = (
				F387FA0C2418F653001D3FB5 /* GoogleService-Info.plist in Resources */,
				F387FA042418F571001D3FB5 /* LaunchScreen.storyboard in Resources */,
				F387FA012418F571001D3FB5 /* Preview Assets.xcassets in Resources */,
				F387F9FE2418F571001D3FB5 /* Assets.xcassets in Resources */,
			);
			runOnlyForDeploymentPostprocessing = 0;
		};
/* End PBXResourcesBuildPhase section */

/* Begin PBXShellScriptBuildPhase section */
		03B279B6AE995CC207DBD58A /* [CP] Check Pods Manifest.lock */ = {
			isa = PBXShellScriptBuildPhase;
			buildActionMask = 2147483647;
			files = (
			);
			inputFileListPaths = (
			);
			inputPaths = (
				"${PODS_PODFILE_DIR_PATH}/Podfile.lock",
				"${PODS_ROOT}/Manifest.lock",
			);
			name = "[CP] Check Pods Manifest.lock";
			outputFileListPaths = (
			);
			outputPaths = (
				"$(DERIVED_FILE_DIR)/Pods-Realtime chat app-checkManifestLockResult.txt",
			);
			runOnlyForDeploymentPostprocessing = 0;
			shellPath = /bin/sh;
			shellScript = "diff \"${PODS_PODFILE_DIR_PATH}/Podfile.lock\" \"${PODS_ROOT}/Manifest.lock\" > /dev/null\nif [ $? != 0 ] ; then\n    # print error to STDERR\n    echo \"error: The sandbox is not in sync with the Podfile.lock. Run 'pod install' or update your CocoaPods installation.\" >&2\n    exit 1\nfi\n# This output is used by Xcode 'outputs' to avoid re-running this script phase.\necho \"SUCCESS\" > \"${SCRIPT_OUTPUT_FILE_0}\"\n";
			showEnvVarsInLog = 0;
		};
		5F4956ECEA4A5BCC7AF50993 /* [CP] Embed Pods Frameworks */ = {
			isa = PBXShellScriptBuildPhase;
			buildActionMask = 2147483647;
			files = (
			);
			inputFileListPaths = (
				"${PODS_ROOT}/Target Support Files/Pods-Realtime chat app/Pods-Realtime chat app-frameworks-${CONFIGURATION}-input-files.xcfilelist",
			);
			name = "[CP] Embed Pods Frameworks";
			outputFileListPaths = (
				"${PODS_ROOT}/Target Support Files/Pods-Realtime chat app/Pods-Realtime chat app-frameworks-${CONFIGURATION}-output-files.xcfilelist",
			);
			runOnlyForDeploymentPostprocessing = 0;
			shellPath = /bin/sh;
			shellScript = "\"${PODS_ROOT}/Target Support Files/Pods-Realtime chat app/Pods-Realtime chat app-frameworks.sh\"\n";
			showEnvVarsInLog = 0;
		};
/* End PBXShellScriptBuildPhase section */

/* Begin PBXSourcesBuildPhase section */
		F387F9F02418F570001D3FB5 /* Sources */ = {
			isa = PBXSourcesBuildPhase;
			buildActionMask = 2147483647;
			files = (
				F32873ED241AB11500AFCCB9 /* AccountCreation.swift in Sources */,
				F387F9F82418F570001D3FB5 /* AppDelegate.swift in Sources */,
				F32873EB241AB07400AFCCB9 /* ImagePicker.swift in Sources */,
				F387F9FA2418F570001D3FB5 /* SceneDelegate.swift in Sources */,
				F32873F9241AB40300AFCCB9 /* createUser.swift in Sources */,
				F32873F1241AB23B00AFCCB9 /* Getnumber.swift in Sources */,
				F32873F7241AB3A400AFCCB9 /* checkUser.swift in Sources */,
				F32873EF241AB1DE00AFCCB9 /* Verify.swift in Sources */,
				F32873F3241AB2D000AFCCB9 /* Home.swift in Sources */,
				F32873F5241AB31900AFCCB9 /* Indicator.swift in Sources */,
				F387F9FC2418F570001D3FB5 /* ContentView.swift in Sources */,
			);
			runOnlyForDeploymentPostprocessing = 0;
		};
/* End PBXSourcesBuildPhase section */

/* Begin PBXVariantGroup section */
		F387FA022418F571001D3FB5 /* LaunchScreen.storyboard */ = {
			isa = PBXVariantGroup;
			children = (
				F387FA032418F571001D3FB5 /* Base */,
			);
			name = LaunchScreen.storyboard;
			sourceTree = "<group>";
		};
/* End PBXVariantGroup section */

/* Begin XCBuildConfiguration section */
		F387FA062418F571001D3FB5 /* Debug */ = {
			isa = XCBuildConfiguration;
			buildSettings = {
				ALWAYS_SEARCH_USER_PATHS = NO;
				CLANG_ANALYZER_NONNULL = YES;
				CLANG_ANALYZER_NUMBER_OBJECT_CONVERSION = YES_AGGRESSIVE;
				CLANG_CXX_LANGUAGE_STANDARD = "gnu++14";
				CLANG_CXX_LIBRARY = "libc++";
				CLANG_ENABLE_MODULES = YES;
				CLANG_ENABLE_OBJC_ARC = YES;
				CLANG_ENABLE_OBJC_WEAK = YES;
				CLANG_WARN_BLOCK_CAPTURE_AUTORELEASING = YES;
				CLANG_WARN_BOOL_CONVERSION = YES;
				CLANG_WARN_COMMA = YES;
				CLANG_WARN_CONSTANT_CONVERSION = YES;
				CLANG_WARN_DEPRECATED_OBJC_IMPLEMENTATIONS = YES;
				CLANG_WARN_DIRECT_OBJC_ISA_USAGE = YES_ERROR;
				CLANG_WARN_DOCUMENTATION_COMMENTS = YES;
				CLANG_WARN_EMPTY_BODY = YES;
				CLANG_WARN_ENUM_CONVERSION = YES;
				CLANG_WARN_INFINITE_RECURSION = YES;
				CLANG_WARN_INT_CONVERSION = YES;
				CLANG_WARN_NON_LITERAL_NULL_CONVERSION = YES;
				CLANG_WARN_OBJC_IMPLICIT_RETAIN_SELF = YES;
				CLANG_WARN_OBJC_LITERAL_CONVERSION = YES;
				CLANG_WARN_OBJC_ROOT_CLASS = YES_ERROR;
				CLANG_WARN_RANGE_LOOP_ANALYSIS = YES;
				CLANG_WARN_STRICT_PROTOTYPES = YES;
				CLANG_WARN_SUSPICIOUS_MOVE = YES;
				CLANG_WARN_UNGUARDED_AVAILABILITY = YES_AGGRESSIVE;
				CLANG_WARN_UNREACHABLE_CODE = YES;
				CLANG_WARN__DUPLICATE_METHOD_MATCH = YES;
				COPY_PHASE_STRIP = NO;
				DEBUG_INFORMATION_FORMAT = dwarf;
				ENABLE_STRICT_OBJC_MSGSEND = YES;
				ENABLE_TESTABILITY = YES;
				GCC_C_LANGUAGE_STANDARD = gnu11;
				GCC_DYNAMIC_NO_PIC = NO;
				GCC_NO_COMMON_BLOCKS = YES;
				GCC_OPTIMIZATION_LEVEL = 0;
				GCC_PREPROCESSOR_DEFINITIONS = (
					"DEBUG=1",
					"$(inherited)",
				);
				GCC_WARN_64_TO_32_BIT_CONVERSION = YES;
				GCC_WARN_ABOUT_RETURN_TYPE = YES_ERROR;
				GCC_WARN_UNDECLARED_SELECTOR = YES;
				GCC_WARN_UNINITIALIZED_AUTOS = YES_AGGRESSIVE;
				GCC_WARN_UNUSED_FUNCTION = YES;
				GCC_WARN_UNUSED_VARIABLE = YES;
				IPHONEOS_DEPLOYMENT_TARGET = 13.2;
				MTL_ENABLE_DEBUG_INFO = INCLUDE_SOURCE;
				MTL_FAST_MATH = YES;
				ONLY_ACTIVE_ARCH = YES;
				SDKROOT = iphoneos;
				SWIFT_ACTIVE_COMPILATION_CONDITIONS = DEBUG;
				SWIFT_OPTIMIZATION_LEVEL = "-Onone";
			};
			name = Debug;
		};
		F387FA072418F571001D3FB5 /* Release */ = {
			isa = XCBuildConfiguration;
			buildSettings = {
				ALWAYS_SEARCH_USER_PATHS = NO;
				CLANG_ANALYZER_NONNULL = YES;
				CLANG_ANALYZER_NUMBER_OBJECT_CONVERSION = YES_AGGRESSIVE;
				CLANG_CXX_LANGUAGE_STANDARD = "gnu++14";
				CLANG_CXX_LIBRARY = "libc++";
				CLANG_ENABLE_MODULES = YES;
				CLANG_ENABLE_OBJC_ARC = YES;
				CLANG_ENABLE_OBJC_WEAK = YES;
				CLANG_WARN_BLOCK_CAPTURE_AUTORELEASING = YES;
				CLANG_WARN_BOOL_CONVERSION = YES;
				CLANG_WARN_COMMA = YES;
				CLANG_WARN_CONSTANT_CONVERSION = YES;
				CLANG_WARN_DEPRECATED_OBJC_IMPLEMENTATIONS = YES;
				CLANG_WARN_DIRECT_OBJC_ISA_USAGE = YES_ERROR;
				CLANG_WARN_DOCUMENTATION_COMMENTS = YES;
				CLANG_WARN_EMPTY_BODY = YES;
				CLANG_WARN_ENUM_CONVERSION = YES;
				CLANG_WARN_INFINITE_RECURSION = YES;
				CLANG_WARN_INT_CONVERSION = YES;
				CLANG_WARN_NON_LITERAL_NULL_CONVERSION = YES;
				CLANG_WARN_OBJC_IMPLICIT_RETAIN_SELF = YES;
				CLANG_WARN_OBJC_LITERAL_CONVERSION = YES;
				CLANG_WARN_OBJC_ROOT_CLASS = YES_ERROR;
				CLANG_WARN_RANGE_LOOP_ANALYSIS = YES;
				CLANG_WARN_STRICT_PROTOTYPES = YES;
				CLANG_WARN_SUSPICIOUS_MOVE = YES;
				CLANG_WARN_UNGUARDED_AVAILABILITY = YES_AGGRESSIVE;
				CLANG_WARN_UNREACHABLE_CODE = YES;
				CLANG_WARN__DUPLICATE_METHOD_MATCH = YES;
				COPY_PHASE_STRIP = NO;
				DEBUG_INFORMATION_FORMAT = "dwarf-with-dsym";
				ENABLE_NS_ASSERTIONS = NO;
				ENABLE_STRICT_OBJC_MSGSEND = YES;
				GCC_C_LANGUAGE_STANDARD = gnu11;
				GCC_NO_COMMON_BLOCKS = YES;
				GCC_WARN_64_TO_32_BIT_CONVERSION = YES;
				GCC_WARN_ABOUT_RETURN_TYPE = YES_ERROR;
				GCC_WARN_UNDECLARED_SELECTOR = YES;
				GCC_WARN_UNINITIALIZED_AUTOS = YES_AGGRESSIVE;
				GCC_WARN_UNUSED_FUNCTION = YES;
				GCC_WARN_UNUSED_VARIABLE = YES;
				IPHONEOS_DEPLOYMENT_TARGET = 13.2;
				MTL_ENABLE_DEBUG_INFO = NO;
				MTL_FAST_MATH = YES;
				SDKROOT = iphoneos;
				SWIFT_COMPILATION_MODE = wholemodule;
				SWIFT_OPTIMIZATION_LEVEL = "-O";
				VALIDATE_PRODUCT = YES;
			};
			name = Release;
		};
		F387FA092418F571001D3FB5 /* Debug */ = {
			isa = XCBuildConfiguration;
			baseConfigurationReference = B7687A6ED8E0B0E160F9A6E5 /* Pods-Realtime chat app.debug.xcconfig */;
			buildSettings = {
				ASSETCATALOG_COMPILER_APPICON_NAME = AppIcon;
				CODE_SIGN_STYLE = Automatic;
				DEVELOPMENT_ASSET_PATHS = "\"Realtime chat app/Preview Content\"";
				ENABLE_PREVIEWS = YES;
				INFOPLIST_FILE = "Realtime chat app/Info.plist";
				LD_RUNPATH_SEARCH_PATHS = (
					"$(inherited)",
					"@executable_path/Frameworks",
				);
				PRODUCT_BUNDLE_IDENTIFIER = "com.FIT.Realtime-chat-app";
				PRODUCT_NAME = "$(TARGET_NAME)";
				SWIFT_VERSION = 5.0;
				TARGETED_DEVICE_FAMILY = "1,2";
			};
			name = Debug;
		};
		F387FA0A2418F571001D3FB5 /* Release */ = {
			isa = XCBuildConfiguration;
			baseConfigurationReference = 6FF92470C770EF30A9FE75B1 /* Pods-Realtime chat app.release.xcconfig */;
			buildSettings = {
				ASSETCATALOG_COMPILER_APPICON_NAME = AppIcon;
				CODE_SIGN_STYLE = Automatic;
				DEVELOPMENT_ASSET_PATHS = "\"Realtime chat app/Preview Content\"";
				ENABLE_PREVIEWS = YES;
				INFOPLIST_FILE = "Realtime chat app/Info.plist";
				LD_RUNPATH_SEARCH_PATHS = (
					"$(inherited)",
					"@executable_path/Frameworks",
				);
				PRODUCT_BUNDLE_IDENTIFIER = "com.FIT.Realtime-chat-app";
				PRODUCT_NAME = "$(TARGET_NAME)";
				SWIFT_VERSION = 5.0;
				TARGETED_DEVICE_FAMILY = "1,2";
			};
			name = Release;
		};
/* End XCBuildConfiguration section */

/* Begin XCConfigurationList section */
		F387F9EF2418F570001D3FB5 /* Build configuration list for PBXProject "Realtime chat app" */ = {
			isa = XCConfigurationList;
			buildConfigurations = (
				F387FA062418F571001D3FB5 /* Debug */,
				F387FA072418F571001D3FB5 /* Release */,
			);
			defaultConfigurationIsVisible = 0;
			defaultConfigurationName = Release;
		};
		F387FA082418F571001D3FB5 /* Build configuration list for PBXNativeTarget "Realtime chat app" */ = {
			isa = XCConfigurationList;
			buildConfigurations = (
				F387FA092418F571001D3FB5 /* Debug */,
				F387FA0A2418F571001D3FB5 /* Release */,
			);
			defaultConfigurationIsVisible = 0;
			defaultConfigurationName = Release;
		};
/* End XCConfigurationList section */

/* Begin XCRemoteSwiftPackageReference section */
		F32873FA241B321400AFCCB9 /* XCRemoteSwiftPackageReference "SDWebImageSwiftUI" */ = {
			isa = XCRemoteSwiftPackageReference;
			repositoryURL = "https://github.com/SDWebImage/SDWebImageSwiftUI";
			requirement = {
				kind = upToNextMajorVersion;
				minimumVersion = 1.0.0;
			};
		};
/* End XCRemoteSwiftPackageReference section */

/* Begin XCSwiftPackageProductDependency section */
		F32873FB241B321400AFCCB9 /* SDWebImageSwiftUI */ = {
			isa = XCSwiftPackageProductDependency;
			package = F32873FA241B321400AFCCB9 /* XCRemoteSwiftPackageReference "SDWebImageSwiftUI" */;
			productName = SDWebImageSwiftUI;
		};
/* End XCSwiftPackageProductDependency section */
	};
	rootObject = F387F9EC2418F570001D3FB5 /* Project object */;
}
